github.com/Newmio/newm_logger v0.0.0-20240304201751-dd6b6eb94341 h1:oXW1sRspRAdhMjqyEKVZscRrmeE4qbzsV0MFhUJInOo=
github.com/Newmio/newm_logger v0.0.0-20240304201751-dd6b6eb94341/go.mod h1:etbtV4KNJ2wFRCVtiVWi5H62zXn2YlYlST7pCQ699dA=
github.com/Newmio/newm_logger v0.0.0-20240316110126-fe8075c321f8 h1:LIF32ZN30sLvDsqS3eZXqdNzzf5kPMRC+G+8+COSNCk=
github.com/Newmio/newm_logger v0.0.0-20240316110126-fe8075c321f8/go.mod h1:etbtV4KNJ2wFRCVtiVWi5H62zXn2YlYlST7pCQ699dA=
